
Microsoft Visual Studio Solution File, Format Version 12.00
# Visual Studio Version 17
VisualStudioVersion = 17.0.32126.317
MinimumVisualStudioVersion = 10.0.40219.1
Project("{9A19103F-16F7-4668-BE54-9A1E7A4F7556}") = "MvcMovie", "MvcMovie.csproj", "{88E38250-587C-4A75-AD0F-994F4DD6D957}"
EndProject
Global
	GlobalSection(SolutionConfigurationPlatforms) = preSolution
		Debug|Any CPU = Debug|Any CPU
		Release|Any CPU = Release|Any CPU
	EndGlobalSection
	GlobalSection(ProjectConfigurationPlatforms) = postSolution
		{88E38250-587C-4A75-AD0F-994F4DD6D957}.Debug|Any CPU.ActiveCfg = Debug|Any CPU
		{88E38250-587C-4A75-AD0F-994F4DD6D957}.Debug|Any CPU.Build.0 = Debug|Any CPU
		{88E38250-587C-4A75-AD0F-994F4DD6D957}.Release|Any CPU.ActiveCfg = Release|Any CPU
		{88E38250-587C-4A75-AD0F-994F4DD6D957}.Release|Any CPU.Build.0 = Release|Any CPU
	EndGlobalSection
	GlobalSection(SolutionProperties) = preSolution
		HideSolutionNode = FALSE
	EndGlobalSection
	GlobalSection(ExtensibilityGlobals) = postSolution
		SolutionGuid = {F5BA0BA8-A91B-48FB-A202-D462281EB46D}
	EndGlobalSection
EndGlobal
